
Microsoft Visual Studio Solution File, Format Version 12.00
# Visual Studio Version 17
VisualStudioVersion = 17.0.31903.59
MinimumVisualStudioVersion = 10.0.40219.1
Project("{2150E333-8FDC-42A3-9474-1A3956D46DE8}") = "src", "src", "{2CC62B7E-EBE0-4508-86D1-1CA6693E5867}"
EndProject
Project("{9A19103F-16F7-4668-BE54-9A1E7A4F7556}") = "obligatorio.WebApi", "src\obligatorio.WebApi\obligatorio.WebApi.csproj", "{14241E76-7742-4338-91BC-B3FD2B0F6B5A}"
EndProject
Project("{9A19103F-16F7-4668-BE54-9A1E7A4F7556}") = "Domain", "src\Domain\Domain.csproj", "{7686FD22-8F1B-4DAE-B8A3-437C759FA710}"
EndProject
Project("{2150E333-8FDC-42A3-9474-1A3956D46DE8}") = "tests", "tests", "{0A59F126-38BC-44C3-944C-E23FF5F4294F}"
EndProject
Project("{9A19103F-16F7-4668-BE54-9A1E7A4F7556}") = "Domain.Test", "tests\Domain.Test\Domain.Test.csproj", "{48B9A531-B71F-4025-AA66-A8FED305614F}"
EndProject
Project("{9A19103F-16F7-4668-BE54-9A1E7A4F7556}") = "DataAccess", "src\DataAccess\DataAccess.csproj", "{615CC772-D286-444A-BAE6-EE5A8A508F7A}"
EndProject
Project("{9A19103F-16F7-4668-BE54-9A1E7A4F7556}") = "IDataAccess", "src\IDataAccess\IDataAccess.csproj", "{7654AE38-C8BF-41BA-ACAC-C3C72D13FBA2}"
EndProject
Project("{9A19103F-16F7-4668-BE54-9A1E7A4F7556}") = "DataAccess.Test", "tests\DataAccess.Test\DataAccess.Test.csproj", "{52B14C3E-107D-46F8-8FDF-2E7E979E3AFB}"
EndProject
Project("{9A19103F-16F7-4668-BE54-9A1E7A4F7556}") = "ParkBusinessLogic", "src\ParkBusinessLogic\ParkBusinessLogic.csproj", "{9169A598-0D10-4CB2-A9F2-CA9B5CF8B783}"
EndProject
Project("{9A19103F-16F7-4668-BE54-9A1E7A4F7556}") = "IPark.BusinessLogic", "src\IPark.BusinessLogic\IPark.BusinessLogic.csproj", "{B4B3BBF9-967D-4C20-A664-F937EBC1E6EC}"
EndProject
Project("{9A19103F-16F7-4668-BE54-9A1E7A4F7556}") = "Park.BusinessLogic.Test", "tests\Park.BusinessLogic.Test\Park.BusinessLogic.Test.csproj", "{2962B537-41CF-42EB-AC01-C8F3F3A40A65}"
EndProject
Project("{FAE04EC0-301F-11D3-BF4B-00C04F79EFBC}") = "Controller.Test", "tests\Controller.Test\Controller.Test.csproj", "{68E5A9F5-44F9-4E3E-8757-981EB10E3372}"
EndProject
Global
	GlobalSection(SolutionConfigurationPlatforms) = preSolution
		Debug|Any CPU = Debug|Any CPU
		Release|Any CPU = Release|Any CPU
	EndGlobalSection
	GlobalSection(ProjectConfigurationPlatforms) = postSolution
		{14241E76-7742-4338-91BC-B3FD2B0F6B5A}.Debug|Any CPU.ActiveCfg = Debug|Any CPU
		{14241E76-7742-4338-91BC-B3FD2B0F6B5A}.Debug|Any CPU.Build.0 = Debug|Any CPU
		{14241E76-7742-4338-91BC-B3FD2B0F6B5A}.Release|Any CPU.ActiveCfg = Release|Any CPU
		{14241E76-7742-4338-91BC-B3FD2B0F6B5A}.Release|Any CPU.Build.0 = Release|Any CPU
		{7686FD22-8F1B-4DAE-B8A3-437C759FA710}.Debug|Any CPU.ActiveCfg = Debug|Any CPU
		{7686FD22-8F1B-4DAE-B8A3-437C759FA710}.Debug|Any CPU.Build.0 = Debug|Any CPU
		{7686FD22-8F1B-4DAE-B8A3-437C759FA710}.Release|Any CPU.ActiveCfg = Release|Any CPU
		{7686FD22-8F1B-4DAE-B8A3-437C759FA710}.Release|Any CPU.Build.0 = Release|Any CPU
		{48B9A531-B71F-4025-AA66-A8FED305614F}.Debug|Any CPU.ActiveCfg = Debug|Any CPU
		{48B9A531-B71F-4025-AA66-A8FED305614F}.Debug|Any CPU.Build.0 = Debug|Any CPU
		{48B9A531-B71F-4025-AA66-A8FED305614F}.Release|Any CPU.ActiveCfg = Release|Any CPU
		{48B9A531-B71F-4025-AA66-A8FED305614F}.Release|Any CPU.Build.0 = Release|Any CPU
		{615CC772-D286-444A-BAE6-EE5A8A508F7A}.Debug|Any CPU.ActiveCfg = Debug|Any CPU
		{615CC772-D286-444A-BAE6-EE5A8A508F7A}.Debug|Any CPU.Build.0 = Debug|Any CPU
		{615CC772-D286-444A-BAE6-EE5A8A508F7A}.Release|Any CPU.ActiveCfg = Release|Any CPU
		{615CC772-D286-444A-BAE6-EE5A8A508F7A}.Release|Any CPU.Build.0 = Release|Any CPU
		{7654AE38-C8BF-41BA-ACAC-C3C72D13FBA2}.Debug|Any CPU.ActiveCfg = Debug|Any CPU
		{7654AE38-C8BF-41BA-ACAC-C3C72D13FBA2}.Debug|Any CPU.Build.0 = Debug|Any CPU
		{7654AE38-C8BF-41BA-ACAC-C3C72D13FBA2}.Release|Any CPU.ActiveCfg = Release|Any CPU
		{7654AE38-C8BF-41BA-ACAC-C3C72D13FBA2}.Release|Any CPU.Build.0 = Release|Any CPU
		{52B14C3E-107D-46F8-8FDF-2E7E979E3AFB}.Debug|Any CPU.ActiveCfg = Debug|Any CPU
		{52B14C3E-107D-46F8-8FDF-2E7E979E3AFB}.Debug|Any CPU.Build.0 = Debug|Any CPU
		{52B14C3E-107D-46F8-8FDF-2E7E979E3AFB}.Release|Any CPU.ActiveCfg = Release|Any CPU
		{52B14C3E-107D-46F8-8FDF-2E7E979E3AFB}.Release|Any CPU.Build.0 = Release|Any CPU
		{9169A598-0D10-4CB2-A9F2-CA9B5CF8B783}.Debug|Any CPU.ActiveCfg = Debug|Any CPU
		{9169A598-0D10-4CB2-A9F2-CA9B5CF8B783}.Debug|Any CPU.Build.0 = Debug|Any CPU
		{9169A598-0D10-4CB2-A9F2-CA9B5CF8B783}.Release|Any CPU.ActiveCfg = Release|Any CPU
		{9169A598-0D10-4CB2-A9F2-CA9B5CF8B783}.Release|Any CPU.Build.0 = Release|Any CPU
		{B4B3BBF9-967D-4C20-A664-F937EBC1E6EC}.Debug|Any CPU.ActiveCfg = Debug|Any CPU
		{B4B3BBF9-967D-4C20-A664-F937EBC1E6EC}.Debug|Any CPU.Build.0 = Debug|Any CPU
		{B4B3BBF9-967D-4C20-A664-F937EBC1E6EC}.Release|Any CPU.ActiveCfg = Release|Any CPU
		{B4B3BBF9-967D-4C20-A664-F937EBC1E6EC}.Release|Any CPU.Build.0 = Release|Any CPU
		{2962B537-41CF-42EB-AC01-C8F3F3A40A65}.Debug|Any CPU.ActiveCfg = Debug|Any CPU
		{2962B537-41CF-42EB-AC01-C8F3F3A40A65}.Debug|Any CPU.Build.0 = Debug|Any CPU
		{2962B537-41CF-42EB-AC01-C8F3F3A40A65}.Release|Any CPU.ActiveCfg = Release|Any CPU
		{2962B537-41CF-42EB-AC01-C8F3F3A40A65}.Release|Any CPU.Build.0 = Release|Any CPU
		{68E5A9F5-44F9-4E3E-8757-981EB10E3372}.Debug|Any CPU.ActiveCfg = Debug|Any CPU
		{68E5A9F5-44F9-4E3E-8757-981EB10E3372}.Debug|Any CPU.Build.0 = Debug|Any CPU
		{68E5A9F5-44F9-4E3E-8757-981EB10E3372}.Release|Any CPU.ActiveCfg = Release|Any CPU
		{68E5A9F5-44F9-4E3E-8757-981EB10E3372}.Release|Any CPU.Build.0 = Release|Any CPU
	EndGlobalSection
	GlobalSection(SolutionProperties) = preSolution
		HideSolutionNode = FALSE
	EndGlobalSection
	GlobalSection(NestedProjects) = preSolution
		{14241E76-7742-4338-91BC-B3FD2B0F6B5A} = {2CC62B7E-EBE0-4508-86D1-1CA6693E5867}
		{7686FD22-8F1B-4DAE-B8A3-437C759FA710} = {2CC62B7E-EBE0-4508-86D1-1CA6693E5867}
		{48B9A531-B71F-4025-AA66-A8FED305614F} = {0A59F126-38BC-44C3-944C-E23FF5F4294F}
		{615CC772-D286-444A-BAE6-EE5A8A508F7A} = {2CC62B7E-EBE0-4508-86D1-1CA6693E5867}
		{7654AE38-C8BF-41BA-ACAC-C3C72D13FBA2} = {2CC62B7E-EBE0-4508-86D1-1CA6693E5867}
		{52B14C3E-107D-46F8-8FDF-2E7E979E3AFB} = {0A59F126-38BC-44C3-944C-E23FF5F4294F}
		{9169A598-0D10-4CB2-A9F2-CA9B5CF8B783} = {2CC62B7E-EBE0-4508-86D1-1CA6693E5867}
		{B4B3BBF9-967D-4C20-A664-F937EBC1E6EC} = {2CC62B7E-EBE0-4508-86D1-1CA6693E5867}
		{2962B537-41CF-42EB-AC01-C8F3F3A40A65} = {0A59F126-38BC-44C3-944C-E23FF5F4294F}
		{68E5A9F5-44F9-4E3E-8757-981EB10E3372} = {0A59F126-38BC-44C3-944C-E23FF5F4294F}
	EndGlobalSection
	GlobalSection(ExtensibilityGlobals) = postSolution
		SolutionGuid = {A7A7C081-BE08-45EB-A914-BEEA28342810}
	EndGlobalSection
EndGlobal
